---
mruby:
  version: 3.4.0
  release_no: 30400
builds:
  macos-arm64:
    https://github.com/hadashiA/mruby-compiler2.git:
      url: https://github.com/hadashiA/mruby-compiler2.git
      branch: master
      commit: 6fd10da354fe0dc6232fc0651bc233410cad2d93
      version: 0.0.0
  macos-x64:
    https://github.com/hadashiA/mruby-compiler2.git:
      url: https://github.com/hadashiA/mruby-compiler2.git
      branch: master
      commit: 13c93f7567aad51199616c217dd6c291cc3277f0
      version: 0.0.0
